
Microsoft Visual Studio Solution File, Format Version 12.00
Project("{FAE04EC0-301F-11D3-BF4B-00C04F79EFBC}") = "BroBot", "BroBot\BroBot.csproj", "{BDEA9522-AF21-4B85-A279-42FCA71D1A50}"
EndProject
Global
	GlobalSection(SolutionConfigurationPlatforms) = preSolution
		Debug|Any CPU = Debug|Any CPU
		Release|Any CPU = Release|Any CPU
	EndGlobalSection
	GlobalSection(ProjectConfigurationPlatforms) = postSolution
		{BDEA9522-AF21-4B85-A279-42FCA71D1A50}.Debug|Any CPU.ActiveCfg = Debug|Any CPU
		{BDEA9522-AF21-4B85-A279-42FCA71D1A50}.Debug|Any CPU.Build.0 = Debug|Any CPU
		{BDEA9522-AF21-4B85-A279-42FCA71D1A50}.Release|Any CPU.ActiveCfg = Release|Any CPU
		{BDEA9522-AF21-4B85-A279-42FCA71D1A50}.Release|Any CPU.Build.0 = Release|Any CPU
	EndGlobalSection
EndGlobal
